
Microsoft Visual Studio Solution File, Format Version 12.00
# Visual Studio 15
VisualStudioVersion = 15.0.26730.8
MinimumVisualStudioVersion = 10.0.40219.1
Project("{FAE04EC0-301F-11D3-BF4B-00C04F79EFBC}") = "Snake Game", "Snake Game\Snake Game.csproj", "{DBF1B168-2A06-4948-8B93-8B8236A4380C}"
EndProject
Global
	GlobalSection(SolutionConfigurationPlatforms) = preSolution
		Debug|Any CPU = Debug|Any CPU
		Release|Any CPU = Release|Any CPU
	EndGlobalSection
	GlobalSection(ProjectConfigurationPlatforms) = postSolution
		{DBF1B168-2A06-4948-8B93-8B8236A4380C}.Debug|Any CPU.ActiveCfg = Debug|Any CPU
		{DBF1B168-2A06-4948-8B93-8B8236A4380C}.Debug|Any CPU.Build.0 = Debug|Any CPU
		{DBF1B168-2A06-4948-8B93-8B8236A4380C}.Release|Any CPU.ActiveCfg = Release|Any CPU
		{DBF1B168-2A06-4948-8B93-8B8236A4380C}.Release|Any CPU.Build.0 = Release|Any CPU
	EndGlobalSection
	GlobalSection(SolutionProperties) = preSolution
		HideSolutionNode = FALSE
	EndGlobalSection
	GlobalSection(ExtensibilityGlobals) = postSolution
		SolutionGuid = {EA142067-8909-4DEA-ADC1-345BEE45EF59}
	EndGlobalSection
EndGlobal
